
Microsoft Visual Studio Solution File, Format Version 12.00
# Visual Studio Version 17
VisualStudioVersion = 17.11.35312.102
MinimumVisualStudioVersion = 10.0.40219.1
Project("{FAE04EC0-301F-11D3-BF4B-00C04F79EFBC}") = "PhamVietTang_KtraFE", "PhamVietTang_KtraFE\PhamVietTang_KtraFE.csproj", "{940303E1-138D-4125-B0BC-10A58773E5B2}"
EndProject
Global
	GlobalSection(SolutionConfigurationPlatforms) = preSolution
		Debug|Any CPU = Debug|Any CPU
		Release|Any CPU = Release|Any CPU
	EndGlobalSection
	GlobalSection(ProjectConfigurationPlatforms) = postSolution
		{940303E1-138D-4125-B0BC-10A58773E5B2}.Debug|Any CPU.ActiveCfg = Debug|Any CPU
		{940303E1-138D-4125-B0BC-10A58773E5B2}.Debug|Any CPU.Build.0 = Debug|Any CPU
		{940303E1-138D-4125-B0BC-10A58773E5B2}.Release|Any CPU.ActiveCfg = Release|Any CPU
		{940303E1-138D-4125-B0BC-10A58773E5B2}.Release|Any CPU.Build.0 = Release|Any CPU
	EndGlobalSection
	GlobalSection(SolutionProperties) = preSolution
		HideSolutionNode = FALSE
	EndGlobalSection
	GlobalSection(ExtensibilityGlobals) = postSolution
		SolutionGuid = {91A64C0A-F38A-4969-932E-2FA6666B3E73}
	EndGlobalSection
EndGlobal
